<?xml version="1.0" encoding="utf-8"?>
<Project ToolsVersion="4.0" xmlns="http://schemas.microsoft.com/developer/msbuild/2003">
  <ItemGroup>
    <Filter Include="源文件">
      <UniqueIdentifier>{4FC737F1-C7A5-4376-A066-2A32D752A2FF}</UniqueIdentifier>
      <Extensions>cpp;c;cc;cxx;c++;cppm;ixx;def;odl;idl;hpj;bat;asm;asmx</Extensions>
    </Filter>
    <Filter Include="头文件">
      <UniqueIdentifier>{93995380-89BD-4b04-88EB-625FBE52EBFB}</UniqueIdentifier>
      <Extensions>h;hh;hpp;hxx;h++;hm;inl;inc;ipp;xsd</Extensions>
    </Filter>
    <Filter Include="资源文件">
      <UniqueIdentifier>{67DA6AB6-F800-4c08-8B7A-83BB121AAD01}</UniqueIdentifier>
      <Extensions>rc;ico;cur;bmp;dlg;rc2;rct;bin;rgs;gif;jpg;jpeg;jpe;resx;tiff;tif;png;wav;mfcribbon-ms</Extensions>
    </Filter>
    <Filter Include="源文件\net">
      <UniqueIdentifier>{e05122ef-3eb1-4628-b647-4a1b9676b1b4}</UniqueIdentifier>
    </Filter>
    <Filter Include="源文件\3rdpart">
      <UniqueIdentifier>{8bfb9ad4-97aa-48d8-86af-990c9e07e25c}</UniqueIdentifier>
    </Filter>
    <Filter Include="源文件\3rdpart\spdlog">
      <UniqueIdentifier>{3122572c-6d85-4f95-a3d5-0c0abe8d4842}</UniqueIdentifier>
    </Filter>
    <Filter Include="源文件\3rdpart\json">
      <UniqueIdentifier>{deaa548c-dda5-4abe-8681-4706a4e1aa67}</UniqueIdentifier>
    </Filter>
    <Filter Include="源文件\capture">
      <UniqueIdentifier>{61cccb04-2e16-40cd-a36f-9cfa0e57acdb}</UniqueIdentifier>
    </Filter>
    <Filter Include="源文件\avcodec">
      <UniqueIdentifier>{3400949d-1efb-45f2-a88e-e8b0303a91f5}</UniqueIdentifier>
    </Filter>
    <Filter Include="源文件\http">
      <UniqueIdentifier>{23f8512c-6ed0-465e-991e-a8eb3ec84e8b}</UniqueIdentifier>
    </Filter>
    <Filter Include="源文件\rtc">
      <UniqueIdentifier>{92c88a01-2617-43ea-97cd-aeb0857b4061}</UniqueIdentifier>
    </Filter>
  </ItemGroup>
  <ItemGroup>
    <ClCompile Include="main.cpp">
      <Filter>源文件</Filter>
    </ClCompile>
    <ClCompile Include="net\Acceptor.cpp">
      <Filter>源文件\net</Filter>
    </ClCompile>
    <ClCompile Include="net\BufferReader.cpp">
      <Filter>源文件\net</Filter>
    </ClCompile>
    <ClCompile Include="net\BufferWriter.cpp">
      <Filter>源文件\net</Filter>
    </ClCompile>
    <ClCompile Include="net\EpollTaskScheduler.cpp">
      <Filter>源文件\net</Filter>
    </ClCompile>
    <ClCompile Include="net\EventLoop.cpp">
      <Filter>源文件\net</Filter>
    </ClCompile>
    <ClCompile Include="net\Logger.cpp">
      <Filter>源文件\net</Filter>
    </ClCompile>
    <ClCompile Include="net\MemoryManager.cpp">
      <Filter>源文件\net</Filter>
    </ClCompile>
    <ClCompile Include="net\NetInterface.cpp">
      <Filter>源文件\net</Filter>
    </ClCompile>
    <ClCompile Include="net\Pipe.cpp">
      <Filter>源文件\net</Filter>
    </ClCompile>
    <ClCompile Include="net\SelectTaskScheduler.cpp">
      <Filter>源文件\net</Filter>
    </ClCompile>
    <ClCompile Include="net\SocketUtil.cpp">
      <Filter>源文件\net</Filter>
    </ClCompile>
    <ClCompile Include="net\TaskScheduler.cpp">
      <Filter>源文件\net</Filter>
    </ClCompile>
    <ClCompile Include="net\TcpConnection.cpp">
      <Filter>源文件\net</Filter>
    </ClCompile>
    <ClCompile Include="net\TcpServer.cpp">
      <Filter>源文件\net</Filter>
    </ClCompile>
    <ClCompile Include="net\TcpSocket.cpp">
      <Filter>源文件\net</Filter>
    </ClCompile>
    <ClCompile Include="net\Timer.cpp">
      <Filter>源文件\net</Filter>
    </ClCompile>
    <ClCompile Include="net\Timestamp.cpp">
      <Filter>源文件\net</Filter>
    </ClCompile>
    <ClCompile Include="signaling_server.cpp">
      <Filter>源文件</Filter>
    </ClCompile>
    <ClCompile Include="capture\d3d9_screen_capture.cc">
      <Filter>源文件\capture</Filter>
    </ClCompile>
    <ClCompile Include="capture\d3d11_screen_capture.cc">
      <Filter>源文件\capture</Filter>
    </ClCompile>
    <ClCompile Include="capture\window_helper.cc">
      <Filter>源文件\capture</Filter>
    </ClCompile>
    <ClCompile Include="capture\wasapi_capture.cpp">
      <Filter>源文件\capture</Filter>
    </ClCompile>
    <ClCompile Include="capture\wasapi_player.cpp">
      <Filter>源文件\capture</Filter>
    </ClCompile>
    <ClCompile Include="capture\audio_capture.cpp">
      <Filter>源文件\capture</Filter>
    </ClCompile>
    <ClCompile Include="avcodec\aac_encoder.cpp">
      <Filter>源文件\avcodec</Filter>
    </ClCompile>
    <ClCompile Include="avcodec\audio_resampler.cpp">
      <Filter>源文件\avcodec</Filter>
    </ClCompile>
    <ClCompile Include="avcodec\h264_encoder.cpp">
      <Filter>源文件\avcodec</Filter>
    </ClCompile>
    <ClCompile Include="avcodec\video_converter.cpp">
      <Filter>源文件\avcodec</Filter>
    </ClCompile>
    <ClCompile Include="avcodec\opus_encoder.cpp">
      <Filter>源文件\avcodec</Filter>
    </ClCompile>
    <ClCompile Include="rtc\dtls_connection.cpp">
      <Filter>源文件\rtc</Filter>
    </ClCompile>
    <ClCompile Include="rtc\h264_rtp_source.cpp">
      <Filter>源文件\rtc</Filter>
    </ClCompile>
    <ClCompile Include="rtc\h264_parser.cpp">
      <Filter>源文件\rtc</Filter>
    </ClCompile>
    <ClCompile Include="rtc\opus_rtp_source.cpp">
      <Filter>源文件\rtc</Filter>
    </ClCompile>
    <ClCompile Include="rtc\rtc_connection.cpp">
      <Filter>源文件\rtc</Filter>
    </ClCompile>
    <ClCompile Include="rtc\rtc_raii.cpp">
      <Filter>源文件\rtc</Filter>
    </ClCompile>
    <ClCompile Include="rtc\rtc_sdp.cpp">
      <Filter>源文件\rtc</Filter>
    </ClCompile>
    <ClCompile Include="rtc\rtc_server.cpp">
      <Filter>源文件\rtc</Filter>
    </ClCompile>
    <ClCompile Include="rtc\rtp_source.cpp">
      <Filter>源文件\rtc</Filter>
    </ClCompile>
    <ClCompile Include="rtc\srtp_session.cpp">
      <Filter>源文件\rtc</Filter>
    </ClCompile>
    <ClCompile Include="rtc\udp_connection.cpp">
      <Filter>源文件\rtc</Filter>
    </ClCompile>
    <ClCompile Include="rtc_live_stream.cpp">
      <Filter>源文件</Filter>
    </ClCompile>
    <ClCompile Include="rtc_signaling_handler.cpp">
      <Filter>源文件</Filter>
    </ClCompile>
    <ClCompile Include="rtc\rtcp_sink.cpp">
      <Filter>源文件\rtc</Filter>
    </ClCompile>
    <ClCompile Include="rtc\rtcp_source.cpp">
      <Filter>源文件\rtc</Filter>
    </ClCompile>
    <ClCompile Include="rtc\stun_sink.cpp">
      <Filter>源文件\rtc</Filter>
    </ClCompile>
    <ClCompile Include="rtc\stun_source.cpp">
      <Filter>源文件\rtc</Filter>
    </ClCompile>
  </ItemGroup>
  <ItemGroup>
    <ClInclude Include="spdlog\spdlog.h">
      <Filter>源文件\3rdpart\spdlog</Filter>
    </ClInclude>
    <ClInclude Include="json\json.hpp">
      <Filter>源文件\3rdpart\json</Filter>
    </ClInclude>
    <ClInclude Include="net\Acceptor.h">
      <Filter>源文件\net</Filter>
    </ClInclude>
    <ClInclude Include="net\BufferReader.h">
      <Filter>源文件\net</Filter>
    </ClInclude>
    <ClInclude Include="net\BufferWriter.h">
      <Filter>源文件\net</Filter>
    </ClInclude>
    <ClInclude Include="net\ByteArray.hpp">
      <Filter>源文件\net</Filter>
    </ClInclude>
    <ClInclude Include="net\Channel.h">
      <Filter>源文件\net</Filter>
    </ClInclude>
    <ClInclude Include="net\EpollTaskScheduler.h">
      <Filter>源文件\net</Filter>
    </ClInclude>
    <ClInclude Include="net\EventLoop.h">
      <Filter>源文件\net</Filter>
    </ClInclude>
    <ClInclude Include="net\log.h">
      <Filter>源文件\net</Filter>
    </ClInclude>
    <ClInclude Include="net\Logger.h">
      <Filter>源文件\net</Filter>
    </ClInclude>
    <ClInclude Include="net\MemoryManager.h">
      <Filter>源文件\net</Filter>
    </ClInclude>
    <ClInclude Include="net\NetInterface.h">
      <Filter>源文件\net</Filter>
    </ClInclude>
    <ClInclude Include="net\Pipe.h">
      <Filter>源文件\net</Filter>
    </ClInclude>
    <ClInclude Include="net\RingBuffer.h">
      <Filter>源文件\net</Filter>
    </ClInclude>
    <ClInclude Include="net\SelectTaskScheduler.h">
      <Filter>源文件\net</Filter>
    </ClInclude>
    <ClInclude Include="net\Socket.h">
      <Filter>源文件\net</Filter>
    </ClInclude>
    <ClInclude Include="net\SocketUtil.h">
      <Filter>源文件\net</Filter>
    </ClInclude>
    <ClInclude Include="net\TaskScheduler.h">
      <Filter>源文件\net</Filter>
    </ClInclude>
    <ClInclude Include="net\TcpConnection.h">
      <Filter>源文件\net</Filter>
    </ClInclude>
    <ClInclude Include="net\TcpServer.h">
      <Filter>源文件\net</Filter>
    </ClInclude>
    <ClInclude Include="net\TcpSocket.h">
      <Filter>源文件\net</Filter>
    </ClInclude>
    <ClInclude Include="net\Timer.h">
      <Filter>源文件\net</Filter>
    </ClInclude>
    <ClInclude Include="net\Timestamp.h">
      <Filter>源文件\net</Filter>
    </ClInclude>
    <ClInclude Include="signaling_server.h">
      <Filter>头文件</Filter>
    </ClInclude>
    <ClInclude Include="capture\d3d9_screen_capture.h">
      <Filter>源文件\capture</Filter>
    </ClInclude>
    <ClInclude Include="capture\d3d11_screen_capture.h">
      <Filter>源文件\capture</Filter>
    </ClInclude>
    <ClInclude Include="capture\screen_capture.h">
      <Filter>源文件\capture</Filter>
    </ClInclude>
    <ClInclude Include="capture\window_helper.h">
      <Filter>源文件\capture</Filter>
    </ClInclude>
    <ClInclude Include="capture\wasapi_capture.h">
      <Filter>源文件\capture</Filter>
    </ClInclude>
    <ClInclude Include="capture\wasapi_player.h">
      <Filter>源文件\capture</Filter>
    </ClInclude>
    <ClInclude Include="capture\audio_buffer.h">
      <Filter>源文件\capture</Filter>
    </ClInclude>
    <ClInclude Include="capture\audio_capture.h">
      <Filter>源文件\capture</Filter>
    </ClInclude>
    <ClInclude Include="avcodec\aac_encoder.h">
      <Filter>源文件\avcodec</Filter>
    </ClInclude>
    <ClInclude Include="avcodec\audio_resampler.h">
      <Filter>源文件\avcodec</Filter>
    </ClInclude>
    <ClInclude Include="avcodec\av_common.h">
      <Filter>源文件\avcodec</Filter>
    </ClInclude>
    <ClInclude Include="avcodec\av_encoder.h">
      <Filter>源文件\avcodec</Filter>
    </ClInclude>
    <ClInclude Include="avcodec\h264_encoder.h">
      <Filter>源文件\avcodec</Filter>
    </ClInclude>
    <ClInclude Include="avcodec\video_converter.h">
      <Filter>源文件\avcodec</Filter>
    </ClInclude>
    <ClInclude Include="avcodec\opus_encoder.h">
      <Filter>源文件\avcodec</Filter>
    </ClInclude>
    <ClInclude Include="http\httplib.h">
      <Filter>源文件\http</Filter>
    </ClInclude>
    <ClInclude Include="rtc\dtls_connection.h">
      <Filter>源文件\rtc</Filter>
    </ClInclude>
    <ClInclude Include="rtc\h264_rtp_sender.h">
      <Filter>源文件\rtc</Filter>
    </ClInclude>
    <ClInclude Include="rtc\h264_rtp_source.h">
      <Filter>源文件\rtc</Filter>
    </ClInclude>
    <ClInclude Include="rtc\h264_parser.h">
      <Filter>源文件\rtc</Filter>
    </ClInclude>
    <ClInclude Include="rtc\opus_rtp_source.h">
      <Filter>源文件\rtc</Filter>
    </ClInclude>
    <ClInclude Include="rtc\rtc_common.h">
      <Filter>源文件\rtc</Filter>
    </ClInclude>
    <ClInclude Include="rtc\rtc_connection.h">
      <Filter>源文件\rtc</Filter>
    </ClInclude>
    <ClInclude Include="rtc\rtc_log.h">
      <Filter>源文件\rtc</Filter>
    </ClInclude>
    <ClInclude Include="rtc\rtc_sdp.h">
      <Filter>源文件\rtc</Filter>
    </ClInclude>
    <ClInclude Include="rtc\rtc_server.h">
      <Filter>源文件\rtc</Filter>
    </ClInclude>
    <ClInclude Include="rtc\rtc_utils.h">
      <Filter>源文件\rtc</Filter>
    </ClInclude>
    <ClInclude Include="rtc\rtcp.h">
      <Filter>源文件\rtc</Filter>
    </ClInclude>
    <ClInclude Include="rtc\rtp.h">
      <Filter>源文件\rtc</Filter>
    </ClInclude>
    <ClInclude Include="rtc\rtp_source.h">
      <Filter>源文件\rtc</Filter>
    </ClInclude>
    <ClInclude Include="rtc\srtp_session.h">
      <Filter>源文件\rtc</Filter>
    </ClInclude>
    <ClInclude Include="rtc\stun.h">
      <Filter>源文件\rtc</Filter>
    </ClInclude>
    <ClInclude Include="rtc\udp_connection.h">
      <Filter>源文件\rtc</Filter>
    </ClInclude>
    <ClInclude Include="rtc_live_stream.h">
      <Filter>头文件</Filter>
    </ClInclude>
    <ClInclude Include="rtc_signaling_handler.h">
      <Filter>头文件</Filter>
    </ClInclude>
    <ClInclude Include="rtc\rtcp_sink.h">
      <Filter>源文件\rtc</Filter>
    </ClInclude>
    <ClInclude Include="rtc\rtcp_source.h">
      <Filter>源文件\rtc</Filter>
    </ClInclude>
    <ClInclude Include="rtc\stun_sink.h">
      <Filter>源文件\rtc</Filter>
    </ClInclude>
    <ClInclude Include="rtc\stun_source.h">
      <Filter>源文件\rtc</Filter>
    </ClInclude>
  </ItemGroup>
</Project>