<?xml version="1.0" encoding="utf-8"?>
<Project ToolsVersion="4.0" xmlns="http://schemas.microsoft.com/developer/msbuild/2003">
  <ItemGroup>
    <Filter Include="源文件">
      <UniqueIdentifier>{4FC737F1-C7A5-4376-A066-2A32D752A2FF}</UniqueIdentifier>
      <Extensions>cpp;c;cc;cxx;c++;cppm;ixx;def;odl;idl;hpj;bat;asm;asmx</Extensions>
    </Filter>
    <Filter Include="头文件">
      <UniqueIdentifier>{93995380-89BD-4b04-88EB-625FBE52EBFB}</UniqueIdentifier>
      <Extensions>h;hh;hpp;hxx;h++;hm;inl;inc;ipp;xsd</Extensions>
    </Filter>
    <Filter Include="资源文件">
      <UniqueIdentifier>{67DA6AB6-F800-4c08-8B7A-83BB121AAD01}</UniqueIdentifier>
      <Extensions>rc;ico;cur;bmp;dlg;rc2;rct;bin;rgs;gif;jpg;jpeg;jpe;resx;tiff;tif;png;wav;mfcribbon-ms</Extensions>
    </Filter>
    <Filter Include="源文件\mongoose">
      <UniqueIdentifier>{f4f877a6-7eb2-433f-af1c-4547b63fdab9}</UniqueIdentifier>
    </Filter>
  </ItemGroup>
  <ItemGroup>
    <ClCompile Include="main.cc">
      <Filter>源文件</Filter>
    </ClCompile>
    <ClCompile Include="rtc_raii.cc">
      <Filter>源文件</Filter>
    </ClCompile>
    <ClCompile Include="p2p_session.cc">
      <Filter>源文件</Filter>
    </ClCompile>
    <ClCompile Include="p2p_client.cc">
      <Filter>源文件</Filter>
    </ClCompile>
    <ClCompile Include="p2p_server.cc">
      <Filter>源文件</Filter>
    </ClCompile>
    <ClCompile Include="..\dependencies\mongoose\mongoose.c">
      <Filter>源文件\mongoose</Filter>
    </ClCompile>
    <ClCompile Include="desktop_capturer.cc">
      <Filter>源文件</Filter>
    </ClCompile>
    <ClCompile Include="d3d_renderer.cc">
      <Filter>源文件</Filter>
    </ClCompile>
    <ClCompile Include="video_renderer.cc">
      <Filter>源文件</Filter>
    </ClCompile>
    <ClCompile Include="vcm_capturer.cc">
      <Filter>源文件</Filter>
    </ClCompile>
  </ItemGroup>
  <ItemGroup>
    <ClInclude Include="rtc_log.h">
      <Filter>头文件</Filter>
    </ClInclude>
    <ClInclude Include="p2p_session.h">
      <Filter>头文件</Filter>
    </ClInclude>
    <ClInclude Include="p2p_client.h">
      <Filter>头文件</Filter>
    </ClInclude>
    <ClInclude Include="p2p_server.h">
      <Filter>头文件</Filter>
    </ClInclude>
    <ClInclude Include="..\dependencies\mongoose\mongoose.h">
      <Filter>源文件\mongoose</Filter>
    </ClInclude>
    <ClInclude Include="desktop_capturer.h">
      <Filter>头文件</Filter>
    </ClInclude>
    <ClInclude Include="d3d_renderer.h">
      <Filter>头文件</Filter>
    </ClInclude>
    <ClInclude Include="video_renderer.h">
      <Filter>头文件</Filter>
    </ClInclude>
    <ClInclude Include="vcm_capturer.h">
      <Filter>头文件</Filter>
    </ClInclude>
  </ItemGroup>
</Project>